
Microsoft Visual Studio Solution File, Format Version 12.00
# Visual Studio Version 17
VisualStudioVersion = 17.0.31903.59
MinimumVisualStudioVersion = 10.0.40219.1
Project("{2150E333-8FDC-42A3-9474-1A3956D46DE8}") = "src", "src", "{827E0CD3-B72D-47B6-A68D-7590B98EB39B}"
EndProject
Project("{FAE04EC0-301F-11D3-BF4B-00C04F79EFBC}") = "GPay.Banking.Contracts", "src\GPay.Banking.Contracts\GPay.Banking.Contracts.csproj", "{07332CE9-A82E-4746-86C7-218F31B92F47}"
EndProject
Project("{FAE04EC0-301F-11D3-BF4B-00C04F79EFBC}") = "GPay.Banking.Infrastructure", "src\GPay.Banking.Infrastructure\GPay.Banking.Infrastructure.csproj", "{294C79D5-8560-4CB4-B3E8-FDB5DBB8BC25}"
EndProject
Project("{FAE04EC0-301F-11D3-BF4B-00C04F79EFBC}") = "GPay.Banking.Orchestrator", "src\GPay.Banking.Orchestrator\GPay.Banking.Orchestrator.csproj", "{909E3BE6-E5BB-482B-B49B-3BF52449332B}"
EndProject
Project("{FAE04EC0-301F-11D3-BF4B-00C04F79EFBC}") = "GPay.Banking.Absa", "src\GPay.Banking.Absa\GPay.Banking.Absa.csproj", "{88FAC89B-422F-471A-95AD-5064C4411663}"
EndProject
Project("{2150E333-8FDC-42A3-9474-1A3956D46DE8}") = "tests", "tests", "{0AB3BF05-4346-4AA6-1389-037BE0695223}"
EndProject
Project("{FAE04EC0-301F-11D3-BF4B-00C04F79EFBC}") = "GPay.Banking.Contracts.Tests", "tests\GPay.Banking.Contracts.Tests\GPay.Banking.Contracts.Tests.csproj", "{746FDBC3-68B3-40B9-A346-D2877EB2CB51}"
EndProject
Project("{FAE04EC0-301F-11D3-BF4B-00C04F79EFBC}") = "GPay.Banking.Orchestrator.Tests", "tests\GPay.Banking.Orchestrator.Tests\GPay.Banking.Orchestrator.Tests.csproj", "{CB6E33CC-3001-4321-8A76-CF1C8686ADBA}"
EndProject
Project("{FAE04EC0-301F-11D3-BF4B-00C04F79EFBC}") = "GPay.Banking.Absa.Tests", "tests\GPay.Banking.Absa.Tests\GPay.Banking.Absa.Tests.csproj", "{E988A699-9645-4D47-85E4-F42B4CBA5278}"
EndProject
Project("{FAE04EC0-301F-11D3-BF4B-00C04F79EFBC}") = "GPay.Banking.Persistence", "src\GPay.Banking.Persistence\GPay.Banking.Persistence.csproj", "{63AD8A06-B962-4C30-A69B-D364C058FE66}"
EndProject
Global
	GlobalSection(SolutionConfigurationPlatforms) = preSolution
		Debug|Any CPU = Debug|Any CPU
		Debug|x64 = Debug|x64
		Debug|x86 = Debug|x86
		Release|Any CPU = Release|Any CPU
		Release|x64 = Release|x64
		Release|x86 = Release|x86
	EndGlobalSection
	GlobalSection(ProjectConfigurationPlatforms) = postSolution
		{07332CE9-A82E-4746-86C7-218F31B92F47}.Debug|Any CPU.ActiveCfg = Debug|Any CPU
		{07332CE9-A82E-4746-86C7-218F31B92F47}.Debug|Any CPU.Build.0 = Debug|Any CPU
		{07332CE9-A82E-4746-86C7-218F31B92F47}.Debug|x64.ActiveCfg = Debug|Any CPU
		{07332CE9-A82E-4746-86C7-218F31B92F47}.Debug|x64.Build.0 = Debug|Any CPU
		{07332CE9-A82E-4746-86C7-218F31B92F47}.Debug|x86.ActiveCfg = Debug|Any CPU
		{07332CE9-A82E-4746-86C7-218F31B92F47}.Debug|x86.Build.0 = Debug|Any CPU
		{07332CE9-A82E-4746-86C7-218F31B92F47}.Release|Any CPU.ActiveCfg = Release|Any CPU
		{07332CE9-A82E-4746-86C7-218F31B92F47}.Release|Any CPU.Build.0 = Release|Any CPU
		{07332CE9-A82E-4746-86C7-218F31B92F47}.Release|x64.ActiveCfg = Release|Any CPU
		{07332CE9-A82E-4746-86C7-218F31B92F47}.Release|x64.Build.0 = Release|Any CPU
		{07332CE9-A82E-4746-86C7-218F31B92F47}.Release|x86.ActiveCfg = Release|Any CPU
		{07332CE9-A82E-4746-86C7-218F31B92F47}.Release|x86.Build.0 = Release|Any CPU
		{294C79D5-8560-4CB4-B3E8-FDB5DBB8BC25}.Debug|Any CPU.ActiveCfg = Debug|Any CPU
		{294C79D5-8560-4CB4-B3E8-FDB5DBB8BC25}.Debug|Any CPU.Build.0 = Debug|Any CPU
		{294C79D5-8560-4CB4-B3E8-FDB5DBB8BC25}.Debug|x64.ActiveCfg = Debug|Any CPU
		{294C79D5-8560-4CB4-B3E8-FDB5DBB8BC25}.Debug|x64.Build.0 = Debug|Any CPU
		{294C79D5-8560-4CB4-B3E8-FDB5DBB8BC25}.Debug|x86.ActiveCfg = Debug|Any CPU
		{294C79D5-8560-4CB4-B3E8-FDB5DBB8BC25}.Debug|x86.Build.0 = Debug|Any CPU
		{294C79D5-8560-4CB4-B3E8-FDB5DBB8BC25}.Release|Any CPU.ActiveCfg = Release|Any CPU
		{294C79D5-8560-4CB4-B3E8-FDB5DBB8BC25}.Release|Any CPU.Build.0 = Release|Any CPU
		{294C79D5-8560-4CB4-B3E8-FDB5DBB8BC25}.Release|x64.ActiveCfg = Release|Any CPU
		{294C79D5-8560-4CB4-B3E8-FDB5DBB8BC25}.Release|x64.Build.0 = Release|Any CPU
		{294C79D5-8560-4CB4-B3E8-FDB5DBB8BC25}.Release|x86.ActiveCfg = Release|Any CPU
		{294C79D5-8560-4CB4-B3E8-FDB5DBB8BC25}.Release|x86.Build.0 = Release|Any CPU
		{909E3BE6-E5BB-482B-B49B-3BF52449332B}.Debug|Any CPU.ActiveCfg = Debug|Any CPU
		{909E3BE6-E5BB-482B-B49B-3BF52449332B}.Debug|Any CPU.Build.0 = Debug|Any CPU
		{909E3BE6-E5BB-482B-B49B-3BF52449332B}.Debug|x64.ActiveCfg = Debug|Any CPU
		{909E3BE6-E5BB-482B-B49B-3BF52449332B}.Debug|x64.Build.0 = Debug|Any CPU
		{909E3BE6-E5BB-482B-B49B-3BF52449332B}.Debug|x86.ActiveCfg = Debug|Any CPU
		{909E3BE6-E5BB-482B-B49B-3BF52449332B}.Debug|x86.Build.0 = Debug|Any CPU
		{909E3BE6-E5BB-482B-B49B-3BF52449332B}.Release|Any CPU.ActiveCfg = Release|Any CPU
		{909E3BE6-E5BB-482B-B49B-3BF52449332B}.Release|Any CPU.Build.0 = Release|Any CPU
		{909E3BE6-E5BB-482B-B49B-3BF52449332B}.Release|x64.ActiveCfg = Release|Any CPU
		{909E3BE6-E5BB-482B-B49B-3BF52449332B}.Release|x64.Build.0 = Release|Any CPU
		{909E3BE6-E5BB-482B-B49B-3BF52449332B}.Release|x86.ActiveCfg = Release|Any CPU
		{909E3BE6-E5BB-482B-B49B-3BF52449332B}.Release|x86.Build.0 = Release|Any CPU
		{88FAC89B-422F-471A-95AD-5064C4411663}.Debug|Any CPU.ActiveCfg = Debug|Any CPU
		{88FAC89B-422F-471A-95AD-5064C4411663}.Debug|Any CPU.Build.0 = Debug|Any CPU
		{88FAC89B-422F-471A-95AD-5064C4411663}.Debug|x64.ActiveCfg = Debug|Any CPU
		{88FAC89B-422F-471A-95AD-5064C4411663}.Debug|x64.Build.0 = Debug|Any CPU
		{88FAC89B-422F-471A-95AD-5064C4411663}.Debug|x86.ActiveCfg = Debug|Any CPU
		{88FAC89B-422F-471A-95AD-5064C4411663}.Debug|x86.Build.0 = Debug|Any CPU
		{88FAC89B-422F-471A-95AD-5064C4411663}.Release|Any CPU.ActiveCfg = Release|Any CPU
		{88FAC89B-422F-471A-95AD-5064C4411663}.Release|Any CPU.Build.0 = Release|Any CPU
		{88FAC89B-422F-471A-95AD-5064C4411663}.Release|x64.ActiveCfg = Release|Any CPU
		{88FAC89B-422F-471A-95AD-5064C4411663}.Release|x64.Build.0 = Release|Any CPU
		{88FAC89B-422F-471A-95AD-5064C4411663}.Release|x86.ActiveCfg = Release|Any CPU
		{88FAC89B-422F-471A-95AD-5064C4411663}.Release|x86.Build.0 = Release|Any CPU
		{746FDBC3-68B3-40B9-A346-D2877EB2CB51}.Debug|Any CPU.ActiveCfg = Debug|Any CPU
		{746FDBC3-68B3-40B9-A346-D2877EB2CB51}.Debug|Any CPU.Build.0 = Debug|Any CPU
		{746FDBC3-68B3-40B9-A346-D2877EB2CB51}.Debug|x64.ActiveCfg = Debug|Any CPU
		{746FDBC3-68B3-40B9-A346-D2877EB2CB51}.Debug|x64.Build.0 = Debug|Any CPU
		{746FDBC3-68B3-40B9-A346-D2877EB2CB51}.Debug|x86.ActiveCfg = Debug|Any CPU
		{746FDBC3-68B3-40B9-A346-D2877EB2CB51}.Debug|x86.Build.0 = Debug|Any CPU
		{746FDBC3-68B3-40B9-A346-D2877EB2CB51}.Release|Any CPU.ActiveCfg = Release|Any CPU
		{746FDBC3-68B3-40B9-A346-D2877EB2CB51}.Release|Any CPU.Build.0 = Release|Any CPU
		{746FDBC3-68B3-40B9-A346-D2877EB2CB51}.Release|x64.ActiveCfg = Release|Any CPU
		{746FDBC3-68B3-40B9-A346-D2877EB2CB51}.Release|x64.Build.0 = Release|Any CPU
		{746FDBC3-68B3-40B9-A346-D2877EB2CB51}.Release|x86.ActiveCfg = Release|Any CPU
		{746FDBC3-68B3-40B9-A346-D2877EB2CB51}.Release|x86.Build.0 = Release|Any CPU
		{CB6E33CC-3001-4321-8A76-CF1C8686ADBA}.Debug|Any CPU.ActiveCfg = Debug|Any CPU
		{CB6E33CC-3001-4321-8A76-CF1C8686ADBA}.Debug|Any CPU.Build.0 = Debug|Any CPU
		{CB6E33CC-3001-4321-8A76-CF1C8686ADBA}.Debug|x64.ActiveCfg = Debug|Any CPU
		{CB6E33CC-3001-4321-8A76-CF1C8686ADBA}.Debug|x64.Build.0 = Debug|Any CPU
		{CB6E33CC-3001-4321-8A76-CF1C8686ADBA}.Debug|x86.ActiveCfg = Debug|Any CPU
		{CB6E33CC-3001-4321-8A76-CF1C8686ADBA}.Debug|x86.Build.0 = Debug|Any CPU
		{CB6E33CC-3001-4321-8A76-CF1C8686ADBA}.Release|Any CPU.ActiveCfg = Release|Any CPU
		{CB6E33CC-3001-4321-8A76-CF1C8686ADBA}.Release|Any CPU.Build.0 = Release|Any CPU
		{CB6E33CC-3001-4321-8A76-CF1C8686ADBA}.Release|x64.ActiveCfg = Release|Any CPU
		{CB6E33CC-3001-4321-8A76-CF1C8686ADBA}.Release|x64.Build.0 = Release|Any CPU
		{CB6E33CC-3001-4321-8A76-CF1C8686ADBA}.Release|x86.ActiveCfg = Release|Any CPU
		{CB6E33CC-3001-4321-8A76-CF1C8686ADBA}.Release|x86.Build.0 = Release|Any CPU
		{E988A699-9645-4D47-85E4-F42B4CBA5278}.Debug|Any CPU.ActiveCfg = Debug|Any CPU
		{E988A699-9645-4D47-85E4-F42B4CBA5278}.Debug|Any CPU.Build.0 = Debug|Any CPU
		{E988A699-9645-4D47-85E4-F42B4CBA5278}.Debug|x64.ActiveCfg = Debug|Any CPU
		{E988A699-9645-4D47-85E4-F42B4CBA5278}.Debug|x64.Build.0 = Debug|Any CPU
		{E988A699-9645-4D47-85E4-F42B4CBA5278}.Debug|x86.ActiveCfg = Debug|Any CPU
		{E988A699-9645-4D47-85E4-F42B4CBA5278}.Debug|x86.Build.0 = Debug|Any CPU
		{E988A699-9645-4D47-85E4-F42B4CBA5278}.Release|Any CPU.ActiveCfg = Release|Any CPU
		{E988A699-9645-4D47-85E4-F42B4CBA5278}.Release|Any CPU.Build.0 = Release|Any CPU
		{E988A699-9645-4D47-85E4-F42B4CBA5278}.Release|x64.ActiveCfg = Release|Any CPU
		{E988A699-9645-4D47-85E4-F42B4CBA5278}.Release|x64.Build.0 = Release|Any CPU
		{E988A699-9645-4D47-85E4-F42B4CBA5278}.Release|x86.ActiveCfg = Release|Any CPU
		{E988A699-9645-4D47-85E4-F42B4CBA5278}.Release|x86.Build.0 = Release|Any CPU
		{63AD8A06-B962-4C30-A69B-D364C058FE66}.Debug|Any CPU.ActiveCfg = Debug|Any CPU
		{63AD8A06-B962-4C30-A69B-D364C058FE66}.Debug|Any CPU.Build.0 = Debug|Any CPU
		{63AD8A06-B962-4C30-A69B-D364C058FE66}.Debug|x64.ActiveCfg = Debug|Any CPU
		{63AD8A06-B962-4C30-A69B-D364C058FE66}.Debug|x64.Build.0 = Debug|Any CPU
		{63AD8A06-B962-4C30-A69B-D364C058FE66}.Debug|x86.ActiveCfg = Debug|Any CPU
		{63AD8A06-B962-4C30-A69B-D364C058FE66}.Debug|x86.Build.0 = Debug|Any CPU
		{63AD8A06-B962-4C30-A69B-D364C058FE66}.Release|Any CPU.ActiveCfg = Release|Any CPU
		{63AD8A06-B962-4C30-A69B-D364C058FE66}.Release|Any CPU.Build.0 = Release|Any CPU
		{63AD8A06-B962-4C30-A69B-D364C058FE66}.Release|x64.ActiveCfg = Release|Any CPU
		{63AD8A06-B962-4C30-A69B-D364C058FE66}.Release|x64.Build.0 = Release|Any CPU
		{63AD8A06-B962-4C30-A69B-D364C058FE66}.Release|x86.ActiveCfg = Release|Any CPU
		{63AD8A06-B962-4C30-A69B-D364C058FE66}.Release|x86.Build.0 = Release|Any CPU
	EndGlobalSection
	GlobalSection(SolutionProperties) = preSolution
		HideSolutionNode = FALSE
	EndGlobalSection
	GlobalSection(NestedProjects) = preSolution
		{07332CE9-A82E-4746-86C7-218F31B92F47} = {827E0CD3-B72D-47B6-A68D-7590B98EB39B}
		{294C79D5-8560-4CB4-B3E8-FDB5DBB8BC25} = {827E0CD3-B72D-47B6-A68D-7590B98EB39B}
		{909E3BE6-E5BB-482B-B49B-3BF52449332B} = {827E0CD3-B72D-47B6-A68D-7590B98EB39B}
		{88FAC89B-422F-471A-95AD-5064C4411663} = {827E0CD3-B72D-47B6-A68D-7590B98EB39B}
		{746FDBC3-68B3-40B9-A346-D2877EB2CB51} = {0AB3BF05-4346-4AA6-1389-037BE0695223}
		{CB6E33CC-3001-4321-8A76-CF1C8686ADBA} = {0AB3BF05-4346-4AA6-1389-037BE0695223}
		{E988A699-9645-4D47-85E4-F42B4CBA5278} = {0AB3BF05-4346-4AA6-1389-037BE0695223}
		{63AD8A06-B962-4C30-A69B-D364C058FE66} = {827E0CD3-B72D-47B6-A68D-7590B98EB39B}
	EndGlobalSection
EndGlobal
