
Microsoft Visual Studio Solution File, Format Version 12.00
# Visual Studio Version 17
VisualStudioVersion = 17.0.31903.59
MinimumVisualStudioVersion = 10.0.40219.1
Project("{2150E333-8FDC-42A3-9474-1A3956D46DE8}") = "src", "src", "{827E0CD3-B72D-47B6-A68D-7590B98EB39B}"
EndProject
Project("{FAE04EC0-301F-11D3-BF4B-00C04F79EFBC}") = "GPay.Banking.Domain.Shared", "src\GPay.Banking.Domain.Shared\GPay.Banking.Domain.Shared.csproj", "{BC0394CB-2BB8-4CD5-9DF6-A2EAE27FEA50}"
EndProject
Project("{FAE04EC0-301F-11D3-BF4B-00C04F79EFBC}") = "GPay.Banking.Domain", "src\GPay.Banking.Domain\GPay.Banking.Domain.csproj", "{59D43A38-88E0-450B-8F99-C3BDEFA1AF1E}"
EndProject
Project("{FAE04EC0-301F-11D3-BF4B-00C04F79EFBC}") = "GPay.Banking.Application.Contracts", "src\GPay.Banking.Application.Contracts\GPay.Banking.Application.Contracts.csproj", "{F88FD24B-E075-458C-A8FB-5E75857E0570}"
EndProject
Project("{FAE04EC0-301F-11D3-BF4B-00C04F79EFBC}") = "GPay.Banking.Application", "src\GPay.Banking.Application\GPay.Banking.Application.csproj", "{5685DF04-BCD1-4F81-BBBF-271DCB519B49}"
EndProject
Project("{FAE04EC0-301F-11D3-BF4B-00C04F79EFBC}") = "GPay.Banking.EntityFrameworkCore", "src\GPay.Banking.EntityFrameworkCore\GPay.Banking.EntityFrameworkCore.csproj", "{20E9BB57-E187-41BB-A943-877C4FD01E00}"
EndProject
Project("{FAE04EC0-301F-11D3-BF4B-00C04F79EFBC}") = "GPay.Banking.HttpApi", "src\GPay.Banking.HttpApi\GPay.Banking.HttpApi.csproj", "{A64567E7-DB38-4FEE-9834-5FE2886566A3}"
EndProject
Project("{FAE04EC0-301F-11D3-BF4B-00C04F79EFBC}") = "GPay.Banking.HttpApi.Host", "src\GPay.Banking.HttpApi.Host\GPay.Banking.HttpApi.Host.csproj", "{44F3D237-A14A-497F-A3D5-75702A315AC6}"
EndProject
Project("{FAE04EC0-301F-11D3-BF4B-00C04F79EFBC}") = "GPay.Banking.Services", "src\GPay.Banking.Services\GPay.Banking.Services.csproj", "{E814DAA9-6198-4D67-A5DB-23491EEEA201}"
EndProject
Project("{2150E333-8FDC-42A3-9474-1A3956D46DE8}") = "tests", "tests", "{0AB3BF05-4346-4AA6-1389-037BE0695223}"
EndProject
Project("{FAE04EC0-301F-11D3-BF4B-00C04F79EFBC}") = "GPay.Banking.Services.Tests", "tests\GPay.Banking.Services.Tests\GPay.Banking.Services.Tests.csproj", "{C71D6716-345D-406E-9528-EC9AFFD9DE63}"
EndProject
Global
	GlobalSection(SolutionConfigurationPlatforms) = preSolution
		Debug|Any CPU = Debug|Any CPU
		Debug|x64 = Debug|x64
		Debug|x86 = Debug|x86
		Release|Any CPU = Release|Any CPU
		Release|x64 = Release|x64
		Release|x86 = Release|x86
	EndGlobalSection
	GlobalSection(ProjectConfigurationPlatforms) = postSolution
		{BC0394CB-2BB8-4CD5-9DF6-A2EAE27FEA50}.Debug|Any CPU.ActiveCfg = Debug|Any CPU
		{BC0394CB-2BB8-4CD5-9DF6-A2EAE27FEA50}.Debug|Any CPU.Build.0 = Debug|Any CPU
		{BC0394CB-2BB8-4CD5-9DF6-A2EAE27FEA50}.Debug|x64.ActiveCfg = Debug|Any CPU
		{BC0394CB-2BB8-4CD5-9DF6-A2EAE27FEA50}.Debug|x64.Build.0 = Debug|Any CPU
		{BC0394CB-2BB8-4CD5-9DF6-A2EAE27FEA50}.Debug|x86.ActiveCfg = Debug|Any CPU
		{BC0394CB-2BB8-4CD5-9DF6-A2EAE27FEA50}.Debug|x86.Build.0 = Debug|Any CPU
		{BC0394CB-2BB8-4CD5-9DF6-A2EAE27FEA50}.Release|Any CPU.ActiveCfg = Release|Any CPU
		{BC0394CB-2BB8-4CD5-9DF6-A2EAE27FEA50}.Release|Any CPU.Build.0 = Release|Any CPU
		{BC0394CB-2BB8-4CD5-9DF6-A2EAE27FEA50}.Release|x64.ActiveCfg = Release|Any CPU
		{BC0394CB-2BB8-4CD5-9DF6-A2EAE27FEA50}.Release|x64.Build.0 = Release|Any CPU
		{BC0394CB-2BB8-4CD5-9DF6-A2EAE27FEA50}.Release|x86.ActiveCfg = Release|Any CPU
		{BC0394CB-2BB8-4CD5-9DF6-A2EAE27FEA50}.Release|x86.Build.0 = Release|Any CPU
		{59D43A38-88E0-450B-8F99-C3BDEFA1AF1E}.Debug|Any CPU.ActiveCfg = Debug|Any CPU
		{59D43A38-88E0-450B-8F99-C3BDEFA1AF1E}.Debug|Any CPU.Build.0 = Debug|Any CPU
		{59D43A38-88E0-450B-8F99-C3BDEFA1AF1E}.Debug|x64.ActiveCfg = Debug|Any CPU
		{59D43A38-88E0-450B-8F99-C3BDEFA1AF1E}.Debug|x64.Build.0 = Debug|Any CPU
		{59D43A38-88E0-450B-8F99-C3BDEFA1AF1E}.Debug|x86.ActiveCfg = Debug|Any CPU
		{59D43A38-88E0-450B-8F99-C3BDEFA1AF1E}.Debug|x86.Build.0 = Debug|Any CPU
		{59D43A38-88E0-450B-8F99-C3BDEFA1AF1E}.Release|Any CPU.ActiveCfg = Release|Any CPU
		{59D43A38-88E0-450B-8F99-C3BDEFA1AF1E}.Release|Any CPU.Build.0 = Release|Any CPU
		{59D43A38-88E0-450B-8F99-C3BDEFA1AF1E}.Release|x64.ActiveCfg = Release|Any CPU
		{59D43A38-88E0-450B-8F99-C3BDEFA1AF1E}.Release|x64.Build.0 = Release|Any CPU
		{59D43A38-88E0-450B-8F99-C3BDEFA1AF1E}.Release|x86.ActiveCfg = Release|Any CPU
		{59D43A38-88E0-450B-8F99-C3BDEFA1AF1E}.Release|x86.Build.0 = Release|Any CPU
		{F88FD24B-E075-458C-A8FB-5E75857E0570}.Debug|Any CPU.ActiveCfg = Debug|Any CPU
		{F88FD24B-E075-458C-A8FB-5E75857E0570}.Debug|Any CPU.Build.0 = Debug|Any CPU
		{F88FD24B-E075-458C-A8FB-5E75857E0570}.Debug|x64.ActiveCfg = Debug|Any CPU
		{F88FD24B-E075-458C-A8FB-5E75857E0570}.Debug|x64.Build.0 = Debug|Any CPU
		{F88FD24B-E075-458C-A8FB-5E75857E0570}.Debug|x86.ActiveCfg = Debug|Any CPU
		{F88FD24B-E075-458C-A8FB-5E75857E0570}.Debug|x86.Build.0 = Debug|Any CPU
		{F88FD24B-E075-458C-A8FB-5E75857E0570}.Release|Any CPU.ActiveCfg = Release|Any CPU
		{F88FD24B-E075-458C-A8FB-5E75857E0570}.Release|Any CPU.Build.0 = Release|Any CPU
		{F88FD24B-E075-458C-A8FB-5E75857E0570}.Release|x64.ActiveCfg = Release|Any CPU
		{F88FD24B-E075-458C-A8FB-5E75857E0570}.Release|x64.Build.0 = Release|Any CPU
		{F88FD24B-E075-458C-A8FB-5E75857E0570}.Release|x86.ActiveCfg = Release|Any CPU
		{F88FD24B-E075-458C-A8FB-5E75857E0570}.Release|x86.Build.0 = Release|Any CPU
		{5685DF04-BCD1-4F81-BBBF-271DCB519B49}.Debug|Any CPU.ActiveCfg = Debug|Any CPU
		{5685DF04-BCD1-4F81-BBBF-271DCB519B49}.Debug|Any CPU.Build.0 = Debug|Any CPU
		{5685DF04-BCD1-4F81-BBBF-271DCB519B49}.Debug|x64.ActiveCfg = Debug|Any CPU
		{5685DF04-BCD1-4F81-BBBF-271DCB519B49}.Debug|x64.Build.0 = Debug|Any CPU
		{5685DF04-BCD1-4F81-BBBF-271DCB519B49}.Debug|x86.ActiveCfg = Debug|Any CPU
		{5685DF04-BCD1-4F81-BBBF-271DCB519B49}.Debug|x86.Build.0 = Debug|Any CPU
		{5685DF04-BCD1-4F81-BBBF-271DCB519B49}.Release|Any CPU.ActiveCfg = Release|Any CPU
		{5685DF04-BCD1-4F81-BBBF-271DCB519B49}.Release|Any CPU.Build.0 = Release|Any CPU
		{5685DF04-BCD1-4F81-BBBF-271DCB519B49}.Release|x64.ActiveCfg = Release|Any CPU
		{5685DF04-BCD1-4F81-BBBF-271DCB519B49}.Release|x64.Build.0 = Release|Any CPU
		{5685DF04-BCD1-4F81-BBBF-271DCB519B49}.Release|x86.ActiveCfg = Release|Any CPU
		{5685DF04-BCD1-4F81-BBBF-271DCB519B49}.Release|x86.Build.0 = Release|Any CPU
		{20E9BB57-E187-41BB-A943-877C4FD01E00}.Debug|Any CPU.ActiveCfg = Debug|Any CPU
		{20E9BB57-E187-41BB-A943-877C4FD01E00}.Debug|Any CPU.Build.0 = Debug|Any CPU
		{20E9BB57-E187-41BB-A943-877C4FD01E00}.Debug|x64.ActiveCfg = Debug|Any CPU
		{20E9BB57-E187-41BB-A943-877C4FD01E00}.Debug|x64.Build.0 = Debug|Any CPU
		{20E9BB57-E187-41BB-A943-877C4FD01E00}.Debug|x86.ActiveCfg = Debug|Any CPU
		{20E9BB57-E187-41BB-A943-877C4FD01E00}.Debug|x86.Build.0 = Debug|Any CPU
		{20E9BB57-E187-41BB-A943-877C4FD01E00}.Release|Any CPU.ActiveCfg = Release|Any CPU
		{20E9BB57-E187-41BB-A943-877C4FD01E00}.Release|Any CPU.Build.0 = Release|Any CPU
		{20E9BB57-E187-41BB-A943-877C4FD01E00}.Release|x64.ActiveCfg = Release|Any CPU
		{20E9BB57-E187-41BB-A943-877C4FD01E00}.Release|x64.Build.0 = Release|Any CPU
		{20E9BB57-E187-41BB-A943-877C4FD01E00}.Release|x86.ActiveCfg = Release|Any CPU
		{20E9BB57-E187-41BB-A943-877C4FD01E00}.Release|x86.Build.0 = Release|Any CPU
		{A64567E7-DB38-4FEE-9834-5FE2886566A3}.Debug|Any CPU.ActiveCfg = Debug|Any CPU
		{A64567E7-DB38-4FEE-9834-5FE2886566A3}.Debug|Any CPU.Build.0 = Debug|Any CPU
		{A64567E7-DB38-4FEE-9834-5FE2886566A3}.Debug|x64.ActiveCfg = Debug|Any CPU
		{A64567E7-DB38-4FEE-9834-5FE2886566A3}.Debug|x64.Build.0 = Debug|Any CPU
		{A64567E7-DB38-4FEE-9834-5FE2886566A3}.Debug|x86.ActiveCfg = Debug|Any CPU
		{A64567E7-DB38-4FEE-9834-5FE2886566A3}.Debug|x86.Build.0 = Debug|Any CPU
		{A64567E7-DB38-4FEE-9834-5FE2886566A3}.Release|Any CPU.ActiveCfg = Release|Any CPU
		{A64567E7-DB38-4FEE-9834-5FE2886566A3}.Release|Any CPU.Build.0 = Release|Any CPU
		{A64567E7-DB38-4FEE-9834-5FE2886566A3}.Release|x64.ActiveCfg = Release|Any CPU
		{A64567E7-DB38-4FEE-9834-5FE2886566A3}.Release|x64.Build.0 = Release|Any CPU
		{A64567E7-DB38-4FEE-9834-5FE2886566A3}.Release|x86.ActiveCfg = Release|Any CPU
		{A64567E7-DB38-4FEE-9834-5FE2886566A3}.Release|x86.Build.0 = Release|Any CPU
		{44F3D237-A14A-497F-A3D5-75702A315AC6}.Debug|Any CPU.ActiveCfg = Debug|Any CPU
		{44F3D237-A14A-497F-A3D5-75702A315AC6}.Debug|Any CPU.Build.0 = Debug|Any CPU
		{44F3D237-A14A-497F-A3D5-75702A315AC6}.Debug|x64.ActiveCfg = Debug|Any CPU
		{44F3D237-A14A-497F-A3D5-75702A315AC6}.Debug|x64.Build.0 = Debug|Any CPU
		{44F3D237-A14A-497F-A3D5-75702A315AC6}.Debug|x86.ActiveCfg = Debug|Any CPU
		{44F3D237-A14A-497F-A3D5-75702A315AC6}.Debug|x86.Build.0 = Debug|Any CPU
		{44F3D237-A14A-497F-A3D5-75702A315AC6}.Release|Any CPU.ActiveCfg = Release|Any CPU
		{44F3D237-A14A-497F-A3D5-75702A315AC6}.Release|Any CPU.Build.0 = Release|Any CPU
		{44F3D237-A14A-497F-A3D5-75702A315AC6}.Release|x64.ActiveCfg = Release|Any CPU
		{44F3D237-A14A-497F-A3D5-75702A315AC6}.Release|x64.Build.0 = Release|Any CPU
		{44F3D237-A14A-497F-A3D5-75702A315AC6}.Release|x86.ActiveCfg = Release|Any CPU
		{44F3D237-A14A-497F-A3D5-75702A315AC6}.Release|x86.Build.0 = Release|Any CPU
		{E814DAA9-6198-4D67-A5DB-23491EEEA201}.Debug|Any CPU.ActiveCfg = Debug|Any CPU
		{E814DAA9-6198-4D67-A5DB-23491EEEA201}.Debug|Any CPU.Build.0 = Debug|Any CPU
		{E814DAA9-6198-4D67-A5DB-23491EEEA201}.Debug|x64.ActiveCfg = Debug|Any CPU
		{E814DAA9-6198-4D67-A5DB-23491EEEA201}.Debug|x64.Build.0 = Debug|Any CPU
		{E814DAA9-6198-4D67-A5DB-23491EEEA201}.Debug|x86.ActiveCfg = Debug|Any CPU
		{E814DAA9-6198-4D67-A5DB-23491EEEA201}.Debug|x86.Build.0 = Debug|Any CPU
		{E814DAA9-6198-4D67-A5DB-23491EEEA201}.Release|Any CPU.ActiveCfg = Release|Any CPU
		{E814DAA9-6198-4D67-A5DB-23491EEEA201}.Release|Any CPU.Build.0 = Release|Any CPU
		{E814DAA9-6198-4D67-A5DB-23491EEEA201}.Release|x64.ActiveCfg = Release|Any CPU
		{E814DAA9-6198-4D67-A5DB-23491EEEA201}.Release|x64.Build.0 = Release|Any CPU
		{E814DAA9-6198-4D67-A5DB-23491EEEA201}.Release|x86.ActiveCfg = Release|Any CPU
		{E814DAA9-6198-4D67-A5DB-23491EEEA201}.Release|x86.Build.0 = Release|Any CPU
		{C71D6716-345D-406E-9528-EC9AFFD9DE63}.Debug|Any CPU.ActiveCfg = Debug|Any CPU
		{C71D6716-345D-406E-9528-EC9AFFD9DE63}.Debug|Any CPU.Build.0 = Debug|Any CPU
		{C71D6716-345D-406E-9528-EC9AFFD9DE63}.Debug|x64.ActiveCfg = Debug|Any CPU
		{C71D6716-345D-406E-9528-EC9AFFD9DE63}.Debug|x64.Build.0 = Debug|Any CPU
		{C71D6716-345D-406E-9528-EC9AFFD9DE63}.Debug|x86.ActiveCfg = Debug|Any CPU
		{C71D6716-345D-406E-9528-EC9AFFD9DE63}.Debug|x86.Build.0 = Debug|Any CPU
		{C71D6716-345D-406E-9528-EC9AFFD9DE63}.Release|Any CPU.ActiveCfg = Release|Any CPU
		{C71D6716-345D-406E-9528-EC9AFFD9DE63}.Release|Any CPU.Build.0 = Release|Any CPU
		{C71D6716-345D-406E-9528-EC9AFFD9DE63}.Release|x64.ActiveCfg = Release|Any CPU
		{C71D6716-345D-406E-9528-EC9AFFD9DE63}.Release|x64.Build.0 = Release|Any CPU
		{C71D6716-345D-406E-9528-EC9AFFD9DE63}.Release|x86.ActiveCfg = Release|Any CPU
		{C71D6716-345D-406E-9528-EC9AFFD9DE63}.Release|x86.Build.0 = Release|Any CPU
	EndGlobalSection
	GlobalSection(SolutionProperties) = preSolution
		HideSolutionNode = FALSE
	EndGlobalSection
	GlobalSection(NestedProjects) = preSolution
		{BC0394CB-2BB8-4CD5-9DF6-A2EAE27FEA50} = {827E0CD3-B72D-47B6-A68D-7590B98EB39B}
		{59D43A38-88E0-450B-8F99-C3BDEFA1AF1E} = {827E0CD3-B72D-47B6-A68D-7590B98EB39B}
		{F88FD24B-E075-458C-A8FB-5E75857E0570} = {827E0CD3-B72D-47B6-A68D-7590B98EB39B}
		{5685DF04-BCD1-4F81-BBBF-271DCB519B49} = {827E0CD3-B72D-47B6-A68D-7590B98EB39B}
		{20E9BB57-E187-41BB-A943-877C4FD01E00} = {827E0CD3-B72D-47B6-A68D-7590B98EB39B}
		{A64567E7-DB38-4FEE-9834-5FE2886566A3} = {827E0CD3-B72D-47B6-A68D-7590B98EB39B}
		{44F3D237-A14A-497F-A3D5-75702A315AC6} = {827E0CD3-B72D-47B6-A68D-7590B98EB39B}
		{E814DAA9-6198-4D67-A5DB-23491EEEA201} = {827E0CD3-B72D-47B6-A68D-7590B98EB39B}
		{C71D6716-345D-406E-9528-EC9AFFD9DE63} = {0AB3BF05-4346-4AA6-1389-037BE0695223}
	EndGlobalSection
EndGlobal
